<?xml version="1.0" encoding="utf-8"?>
<Project ToolsVersion="4.0" xmlns="http://schemas.microsoft.com/developer/msbuild/2003">
  <ItemGroup>
    <Filter Include="Source Files">
      <UniqueIdentifier>{4FC737F1-C7A5-4376-A066-2A32D752A2FF}</UniqueIdentifier>
      <Extensions>cpp;c;cc;cxx;def;odl;idl;hpj;bat;asm;asmx</Extensions>
    </Filter>
    <Filter Include="Header Files">
      <UniqueIdentifier>{93995380-89BD-4b04-88EB-625FBE52EBFB}</UniqueIdentifier>
      <Extensions>h;hh;hpp;hxx;hm;inl;inc;xsd</Extensions>
    </Filter>
    <Filter Include="Resource Files">
      <UniqueIdentifier>{67DA6AB6-F800-4c08-8B7A-83BB121AAD01}</UniqueIdentifier>
      <Extensions>rc;ico;cur;bmp;dlg;rc2;rct;bin;rgs;gif;jpg;jpeg;jpe;resx;tiff;tif;png;wav;mfcribbon-ms</Extensions>
    </Filter>
    <Filter Include="logicserver">
      <UniqueIdentifier>{3ab11362-bd1e-4293-be9d-17731117261f}</UniqueIdentifier>
    </Filter>
    <Filter Include="network">
      <UniqueIdentifier>{78e74d8e-4668-43a1-aa07-ba615c401215}</UniqueIdentifier>
    </Filter>
    <Filter Include="global">
      <UniqueIdentifier>{0af681ab-d1f3-46f3-9fc5-6474f90a28c0}</UniqueIdentifier>
    </Filter>
    <Filter Include="config">
      <UniqueIdentifier>{1231840f-07f9-4434-bb72-1029a772bc75}</UniqueIdentifier>
    </Filter>
    <Filter Include="common">
      <UniqueIdentifier>{20008978-b327-4f60-9c9e-ac34e2479c7a}</UniqueIdentifier>
    </Filter>
  </ItemGroup>
  <ItemGroup>
    <ClCompile Include="..\..\src\LogicServer\main.cpp">
      <Filter>Source Files</Filter>
    </ClCompile>
    <ClCompile Include="..\..\src\LogicServer\config\ConfigMgr.cpp">
      <Filter>config</Filter>
    </ClCompile>
    <ClCompile Include="..\..\src\LogicServer\global\Opcodes_l.cpp">
      <Filter>global</Filter>
    </ClCompile>
    <ClCompile Include="..\..\src\LogicServer\global\SessionMgr.cpp">
      <Filter>global</Filter>
    </ClCompile>
    <ClCompile Include="..\..\src\LogicServer\network\AddonHandler.cpp">
      <Filter>network</Filter>
    </ClCompile>
    <ClCompile Include="..\..\src\LogicServer\network\SessionFilter.cpp">
      <Filter>network</Filter>
    </ClCompile>
    <ClCompile Include="..\..\src\LogicServer\network\WorldSession.cpp">
      <Filter>network</Filter>
    </ClCompile>
    <ClCompile Include="..\..\src\LogicServer\network\WorldSocket.cpp">
      <Filter>network</Filter>
    </ClCompile>
    <ClCompile Include="..\..\src\LogicServer\logicserver.cpp">
      <Filter>logicserver</Filter>
    </ClCompile>
    <ClCompile Include="..\..\src\LogicServer\LogicServerRunnable.cpp">
      <Filter>logicserver</Filter>
    </ClCompile>
    <ClCompile Include="..\..\src\LogicServer\MasterLogicServer.cpp">
      <Filter>logicserver</Filter>
    </ClCompile>
  </ItemGroup>
  <ItemGroup>
    <ClInclude Include="..\..\src\LogicServer\common\WorldDef.h">
      <Filter>common</Filter>
    </ClInclude>
    <ClInclude Include="..\..\src\LogicServer\config\ConfigMgr.h">
      <Filter>config</Filter>
    </ClInclude>
    <ClInclude Include="..\..\src\LogicServer\global\Opcodes_l.h">
      <Filter>global</Filter>
    </ClInclude>
    <ClInclude Include="..\..\src\LogicServer\global\SessionMgr.h">
      <Filter>global</Filter>
    </ClInclude>
    <ClInclude Include="..\..\src\LogicServer\network\AddonHandler.h">
      <Filter>network</Filter>
    </ClInclude>
    <ClInclude Include="..\..\src\LogicServer\network\logicdef.h">
      <Filter>network</Filter>
    </ClInclude>
    <ClInclude Include="..\..\src\LogicServer\network\SessionFilter.h">
      <Filter>network</Filter>
    </ClInclude>
    <ClInclude Include="..\..\src\LogicServer\network\WorldSession.h">
      <Filter>network</Filter>
    </ClInclude>
    <ClInclude Include="..\..\src\LogicServer\network\WorldSocket.h">
      <Filter>network</Filter>
    </ClInclude>
    <ClInclude Include="..\..\src\LogicServer\logicserver.h">
      <Filter>logicserver</Filter>
    </ClInclude>
    <ClInclude Include="..\..\src\LogicServer\LogicServerRunnable.h">
      <Filter>logicserver</Filter>
    </ClInclude>
    <ClInclude Include="..\..\src\LogicServer\MasterLogicServer.h">
      <Filter>logicserver</Filter>
    </ClInclude>
  </ItemGroup>
</Project>